
Microsoft Visual Studio Solution File, Format Version 12.00
# Visual Studio Version 17
VisualStudioVersion = 17.14.37111.16 d17.14
MinimumVisualStudioVersion = 10.0.40219.1
Project("{FAE04EC0-301F-11D3-BF4B-00C04F79EFBC}") = "NetERP", "NetERP\NetERP.csproj", "{2BA45BF2-B78D-46B6-8AF8-25099DF94018}"
EndProject
Project("{FAE04EC0-301F-11D3-BF4B-00C04F79EFBC}") = "NetERP.Tests", "NetERP.Tests\NetERP.Tests.csproj", "{6BE1E82C-FA17-429B-AF37-FE77CA6586A1}"
EndProject
Global
	GlobalSection(SolutionConfigurationPlatforms) = preSolution
		Debug|Any CPU = Debug|Any CPU
		Release|Any CPU = Release|Any CPU
	EndGlobalSection
	GlobalSection(ProjectConfigurationPlatforms) = postSolution
		{2BA45BF2-B78D-46B6-8AF8-25099DF94018}.Debug|Any CPU.ActiveCfg = Debug|Any CPU
		{2BA45BF2-B78D-46B6-8AF8-25099DF94018}.Debug|Any CPU.Build.0 = Debug|Any CPU
		{2BA45BF2-B78D-46B6-8AF8-25099DF94018}.Release|Any CPU.ActiveCfg = Release|Any CPU
		{2BA45BF2-B78D-46B6-8AF8-25099DF94018}.Release|Any CPU.Build.0 = Release|Any CPU
		{6BE1E82C-FA17-429B-AF37-FE77CA6586A1}.Debug|Any CPU.ActiveCfg = Debug|Any CPU
		{6BE1E82C-FA17-429B-AF37-FE77CA6586A1}.Debug|Any CPU.Build.0 = Debug|Any CPU
		{6BE1E82C-FA17-429B-AF37-FE77CA6586A1}.Release|Any CPU.ActiveCfg = Release|Any CPU
		{6BE1E82C-FA17-429B-AF37-FE77CA6586A1}.Release|Any CPU.Build.0 = Release|Any CPU
	EndGlobalSection
	GlobalSection(SolutionProperties) = preSolution
		HideSolutionNode = FALSE
	EndGlobalSection
	GlobalSection(ExtensibilityGlobals) = postSolution
		SolutionGuid = {33068D86-BBCD-47B6-943A-1DF5BC903EDF}
	EndGlobalSection
EndGlobal
